// !$*UTF8*$!
{
	archiveVersion = 1;
	classes = {
	};
	objectVersion = 55;
	objects = {

/* Begin PBXBuildFile section */
		5049C8AF28B8EA3200DF0E95 /* FuelApp_SwiftUIApp.swift in Sources */ = {isa = PBXBuildFile; fileRef = 5049C8AE28B8EA3200DF0E95 /* FuelApp_SwiftUIApp.swift */; };
		5049C8B128B8EA3200DF0E95 /* ContentView.swift in Sources */ = {isa = PBXBuildFile; fileRef = 5049C8B028B8EA3200DF0E95 /* ContentView.swift */; };
		5049C8B328B8EA3300DF0E95 /* Assets.xcassets in Resources */ = {isa = PBXBuildFile; fileRef = 5049C8B228B8EA3300DF0E95 /* Assets.xcassets */; };
		5049C8B628B8EA3300DF0E95 /* Preview Assets.xcassets in Resources */ = {isa = PBXBuildFile; fileRef = 5049C8B528B8EA3300DF0E95 /* Preview Assets.xcassets */; };
		5049C8BB28B8EA3300DF0E95 /* FuelApp_SwiftUI.xcdatamodeld in Sources */ = {isa = PBXBuildFile; fileRef = 5049C8B928B8EA3300DF0E95 /* FuelApp_SwiftUI.xcdatamodeld */; };
		5049C8C528B8EA3400DF0E95 /* FuelApp_SwiftUITests.swift in Sources */ = {isa = PBXBuildFile; fileRef = 5049C8C428B8EA3400DF0E95 /* FuelApp_SwiftUITests.swift */; };
		5049C8CF28B8EA3400DF0E95 /* FuelApp_SwiftUIUITests.swift in Sources */ = {isa = PBXBuildFile; fileRef = 5049C8CE28B8EA3400DF0E95 /* FuelApp_SwiftUIUITests.swift */; };
		5049C8D128B8EA3400DF0E95 /* FuelApp_SwiftUIUITestsLaunchTests.swift in Sources */ = {isa = PBXBuildFile; fileRef = 5049C8D028B8EA3400DF0E95 /* FuelApp_SwiftUIUITestsLaunchTests.swift */; };
		5049C8E428B8F25200DF0E95 /* ScanButton.swift in Sources */ = {isa = PBXBuildFile; fileRef = 5049C8E328B8F25200DF0E95 /* ScanButton.swift */; };
		5049C8E628B8F26000DF0E95 /* PageView.swift in Sources */ = {isa = PBXBuildFile; fileRef = 5049C8E528B8F26000DF0E95 /* PageView.swift */; };
		5049C8EA28B8F29600DF0E95 /* HomeView.swift in Sources */ = {isa = PBXBuildFile; fileRef = 5049C8E928B8F29600DF0E95 /* HomeView.swift */; };
		5049C8EC28B8F2A000DF0E95 /* HelpView.swift in Sources */ = {isa = PBXBuildFile; fileRef = 5049C8EB28B8F2A000DF0E95 /* HelpView.swift */; };
		5049C8EE28B8F2AB00DF0E95 /* AnalysisView.swift in Sources */ = {isa = PBXBuildFile; fileRef = 5049C8ED28B8F2AB00DF0E95 /* AnalysisView.swift */; };
		5049C8F828B8F3B400DF0E95 /* CoreDataManager.swift in Sources */ = {isa = PBXBuildFile; fileRef = 5049C8F728B8F3B400DF0E95 /* CoreDataManager.swift */; };
		5049C8FC28B8F3F300DF0E95 /* Vehicle+Extensions.swift in Sources */ = {isa = PBXBuildFile; fileRef = 5049C8FB28B8F3F300DF0E95 /* Vehicle+Extensions.swift */; };
		5049C8FE28B8F40400DF0E95 /* View+Extensions.swift in Sources */ = {isa = PBXBuildFile; fileRef = 5049C8FD28B8F40400DF0E95 /* View+Extensions.swift */; };
		5049C90028B8F41500DF0E95 /* FuelTransaction+Extensions.swift in Sources */ = {isa = PBXBuildFile; fileRef = 5049C8FF28B8F41500DF0E95 /* FuelTransaction+Extensions.swift */; };
		5049C90428B8F48600DF0E95 /* BaseModel.swift in Sources */ = {isa = PBXBuildFile; fileRef = 5049C90328B8F48600DF0E95 /* BaseModel.swift */; };
		5049C90628B8F4A500DF0E95 /* PageModel.swift in Sources */ = {isa = PBXBuildFile; fileRef = 5049C90528B8F4A500DF0E95 /* PageModel.swift */; };
		5049C90828B8F50500DF0E95 /* VehicleFuelListViewModel.swift in Sources */ = {isa = PBXBuildFile; fileRef = 5049C90728B8F50500DF0E95 /* VehicleFuelListViewModel.swift */; };
		5049C90A28B8F51900DF0E95 /* AddVehicleFuelViewModel.swift in Sources */ = {isa = PBXBuildFile; fileRef = 5049C90928B8F51900DF0E95 /* AddVehicleFuelViewModel.swift */; };
		5049C90C28B8F53D00DF0E95 /* AddVehicleViewModel.swift in Sources */ = {isa = PBXBuildFile; fileRef = 5049C90B28B8F53D00DF0E95 /* AddVehicleViewModel.swift */; };
		5049C90E28B8F56100DF0E95 /* VehicleListViewModel.swift in Sources */ = {isa = PBXBuildFile; fileRef = 5049C90D28B8F56100DF0E95 /* VehicleListViewModel.swift */; };
		5049C91028B8F57C00DF0E95 /* AddQuotaViewModel.swift in Sources */ = {isa = PBXBuildFile; fileRef = 5049C90F28B8F57C00DF0E95 /* AddQuotaViewModel.swift */; };
		5049C91228B8F59000DF0E95 /* QuotaListViewModel.swift in Sources */ = {isa = PBXBuildFile; fileRef = 5049C91128B8F59000DF0E95 /* QuotaListViewModel.swift */; };
		5049C91428B8F69700DF0E95 /* AddVehicleView.swift in Sources */ = {isa = PBXBuildFile; fileRef = 5049C91328B8F69700DF0E95 /* AddVehicleView.swift */; };
		5049C91628B8F6AB00DF0E95 /* VehicleListView.swift in Sources */ = {isa = PBXBuildFile; fileRef = 5049C91528B8F6AB00DF0E95 /* VehicleListView.swift */; };
		5049C91828B8F6F000DF0E95 /* AddQuotaView.swift in Sources */ = {isa = PBXBuildFile; fileRef = 5049C91728B8F6F000DF0E95 /* AddQuotaView.swift */; };
		5049C91A28B8F70200DF0E95 /* QuotaListView.swift in Sources */ = {isa = PBXBuildFile; fileRef = 5049C91928B8F70200DF0E95 /* QuotaListView.swift */; };
		5049C91C28B8F73500DF0E95 /* AddVehicleFuelView.swift in Sources */ = {isa = PBXBuildFile; fileRef = 5049C91B28B8F73500DF0E95 /* AddVehicleFuelView.swift */; };
		5049C91E28B8F74600DF0E95 /* VehicleFuelListView.swift in Sources */ = {isa = PBXBuildFile; fileRef = 5049C91D28B8F74600DF0E95 /* VehicleFuelListView.swift */; };
		5070D18028B9345600AD90FE /* Quota+Extensions.swift in Sources */ = {isa = PBXBuildFile; fileRef = 5070D17F28B9345600AD90FE /* Quota+Extensions.swift */; };
		5070D18228B9348500AD90FE /* Storage+Extensions.swift in Sources */ = {isa = PBXBuildFile; fileRef = 5070D18128B9348500AD90FE /* Storage+Extensions.swift */; };
		5070D18528B9352B00AD90FE /* StorageListView.swift in Sources */ = {isa = PBXBuildFile; fileRef = 5070D18428B9352B00AD90FE /* StorageListView.swift */; };
		5070D18728B9358300AD90FE /* AddStorageView.swift in Sources */ = {isa = PBXBuildFile; fileRef = 5070D18628B9358300AD90FE /* AddStorageView.swift */; };
		5070D18E28B940D000AD90FE /* FuelType+Extensions.swift in Sources */ = {isa = PBXBuildFile; fileRef = 5070D18D28B940D000AD90FE /* FuelType+Extensions.swift */; };
		5070D19128B9434100AD90FE /* AddStorageFuel.swift in Sources */ = {isa = PBXBuildFile; fileRef = 5070D19028B9434100AD90FE /* AddStorageFuel.swift */; };
		5070D19328B9434B00AD90FE /* StorageFuelListView.swift in Sources */ = {isa = PBXBuildFile; fileRef = 5070D19228B9434B00AD90FE /* StorageFuelListView.swift */; };
		5070D19528B943A200AD90FE /* AddStorageViewModel.swift in Sources */ = {isa = PBXBuildFile; fileRef = 5070D19428B943A200AD90FE /* AddStorageViewModel.swift */; };
		5070D19728B943B400AD90FE /* StorageListViewModel.swift in Sources */ = {isa = PBXBuildFile; fileRef = 5070D19628B943B400AD90FE /* StorageListViewModel.swift */; };
		5070D19A28B943D800AD90FE /* AddStorageFuelViewModel.swift in Sources */ = {isa = PBXBuildFile; fileRef = 5070D19928B943D800AD90FE /* AddStorageFuelViewModel.swift */; };
		5070D19C28B943EA00AD90FE /* StorageFuelListViewModel.swift in Sources */ = {isa = PBXBuildFile; fileRef = 5070D19B28B943EA00AD90FE /* StorageFuelListViewModel.swift */; };
		5070D1A828B9477600AD90FE /* AddFuelTypeView.swift in Sources */ = {isa = PBXBuildFile; fileRef = 5070D1A728B9477600AD90FE /* AddFuelTypeView.swift */; };
		5070D1AA28B9478100AD90FE /* FuelTypeListView.swift in Sources */ = {isa = PBXBuildFile; fileRef = 5070D1A928B9478100AD90FE /* FuelTypeListView.swift */; };
		5070D1AC28B9481400AD90FE /* AddFuelTypeViewModel.swift in Sources */ = {isa = PBXBuildFile; fileRef = 5070D1AB28B9481400AD90FE /* AddFuelTypeViewModel.swift */; };
		5070D1AE28B9482200AD90FE /* FuelTypeListViewModel.swift in Sources */ = {isa = PBXBuildFile; fileRef = 5070D1AD28B9482200AD90FE /* FuelTypeListViewModel.swift */; };
/* End PBXBuildFile section */

/* Begin PBXContainerItemProxy section */
		5049C8C128B8EA3400DF0E95 /* PBXContainerItemProxy */ = {
			isa = PBXContainerItemProxy;
			containerPortal = 5049C8A328B8EA3200DF0E95 /* Project object */;
			proxyType = 1;
			remoteGlobalIDString = 5049C8AA28B8EA3200DF0E95;
			remoteInfo = FuelApp_SwiftUI;
		};
		5049C8CB28B8EA3400DF0E95 /* PBXContainerItemProxy */ = {
			isa = PBXContainerItemProxy;
			containerPortal = 5049C8A328B8EA3200DF0E95 /* Project object */;
			proxyType = 1;
			remoteGlobalIDString = 5049C8AA28B8EA3200DF0E95;
			remoteInfo = FuelApp_SwiftUI;
		};
/* End PBXContainerItemProxy section */

/* Begin PBXFileReference section */
		5049C8AB28B8EA3200DF0E95 /* FuelApp_SwiftUI.app */ = {isa = PBXFileReference; explicitFileType = wrapper.application; includeInIndex = 0; path = FuelApp_SwiftUI.app; sourceTree = BUILT_PRODUCTS_DIR; };
		5049C8AE28B8EA3200DF0E95 /* FuelApp_SwiftUIApp.swift */ = {isa = PBXFileReference; lastKnownFileType = sourcecode.swift; path = FuelApp_SwiftUIApp.swift; sourceTree = "<group>"; };
		5049C8B028B8EA3200DF0E95 /* ContentView.swift */ = {isa = PBXFileReference; lastKnownFileType = sourcecode.swift; path = ContentView.swift; sourceTree = "<group>"; };
		5049C8B228B8EA3300DF0E95 /* Assets.xcassets */ = {isa = PBXFileReference; lastKnownFileType = folder.assetcatalog; path = Assets.xcassets; sourceTree = "<group>"; };
		5049C8B528B8EA3300DF0E95 /* Preview Assets.xcassets */ = {isa = PBXFileReference; lastKnownFileType = folder.assetcatalog; path = "Preview Assets.xcassets"; sourceTree = "<group>"; };
		5049C8BA28B8EA3300DF0E95 /* FuelApp_SwiftUI.xcdatamodel */ = {isa = PBXFileReference; lastKnownFileType = wrapper.xcdatamodel; path = FuelApp_SwiftUI.xcdatamodel; sourceTree = "<group>"; };
		5049C8C028B8EA3400DF0E95 /* FuelApp_SwiftUITests.xctest */ = {isa = PBXFileReference; explicitFileType = wrapper.cfbundle; includeInIndex = 0; path = FuelApp_SwiftUITests.xctest; sourceTree = BUILT_PRODUCTS_DIR; };
		5049C8C428B8EA3400DF0E95 /* FuelApp_SwiftUITests.swift */ = {isa = PBXFileReference; lastKnownFileType = sourcecode.swift; path = FuelApp_SwiftUITests.swift; sourceTree = "<group>"; };
		5049C8CA28B8EA3400DF0E95 /* FuelApp_SwiftUIUITests.xctest */ = {isa = PBXFileReference; explicitFileType = wrapper.cfbundle; includeInIndex = 0; path = FuelApp_SwiftUIUITests.xctest; sourceTree = BUILT_PRODUCTS_DIR; };
		5049C8CE28B8EA3400DF0E95 /* FuelApp_SwiftUIUITests.swift */ = {isa = PBXFileReference; lastKnownFileType = sourcecode.swift; path = FuelApp_SwiftUIUITests.swift; sourceTree = "<group>"; };
		5049C8D028B8EA3400DF0E95 /* FuelApp_SwiftUIUITestsLaunchTests.swift */ = {isa = PBXFileReference; lastKnownFileType = sourcecode.swift; path = FuelApp_SwiftUIUITestsLaunchTests.swift; sourceTree = "<group>"; };
		5049C8E328B8F25200DF0E95 /* ScanButton.swift */ = {isa = PBXFileReference; lastKnownFileType = sourcecode.swift; path = ScanButton.swift; sourceTree = "<group>"; };
		5049C8E528B8F26000DF0E95 /* PageView.swift */ = {isa = PBXFileReference; lastKnownFileType = sourcecode.swift; path = PageView.swift; sourceTree = "<group>"; };
		5049C8E928B8F29600DF0E95 /* HomeView.swift */ = {isa = PBXFileReference; lastKnownFileType = sourcecode.swift; path = HomeView.swift; sourceTree = "<group>"; };
		5049C8EB28B8F2A000DF0E95 /* HelpView.swift */ = {isa = PBXFileReference; lastKnownFileType = sourcecode.swift; path = HelpView.swift; sourceTree = "<group>"; };
		5049C8ED28B8F2AB00DF0E95 /* AnalysisView.swift */ = {isa = PBXFileReference; lastKnownFileType = sourcecode.swift; path = AnalysisView.swift; sourceTree = "<group>"; };
		5049C8F728B8F3B400DF0E95 /* CoreDataManager.swift */ = {isa = PBXFileReference; lastKnownFileType = sourcecode.swift; path = CoreDataManager.swift; sourceTree = "<group>"; };
		5049C8FB28B8F3F300DF0E95 /* Vehicle+Extensions.swift */ = {isa = PBXFileReference; lastKnownFileType = sourcecode.swift; path = "Vehicle+Extensions.swift"; sourceTree = "<group>"; };
		5049C8FD28B8F40400DF0E95 /* View+Extensions.swift */ = {isa = PBXFileReference; lastKnownFileType = sourcecode.swift; path = "View+Extensions.swift"; sourceTree = "<group>"; };
		5049C8FF28B8F41500DF0E95 /* FuelTransaction+Extensions.swift */ = {isa = PBXFileReference; lastKnownFileType = sourcecode.swift; path = "FuelTransaction+Extensions.swift"; sourceTree = "<group>"; };
		5049C90328B8F48600DF0E95 /* BaseModel.swift */ = {isa = PBXFileReference; lastKnownFileType = sourcecode.swift; path = BaseModel.swift; sourceTree = "<group>"; };
		5049C90528B8F4A500DF0E95 /* PageModel.swift */ = {isa = PBXFileReference; lastKnownFileType = sourcecode.swift; path = PageModel.swift; sourceTree = "<group>"; };
		5049C90728B8F50500DF0E95 /* VehicleFuelListViewModel.swift */ = {isa = PBXFileReference; lastKnownFileType = sourcecode.swift; path = VehicleFuelListViewModel.swift; sourceTree = "<group>"; };
		5049C90928B8F51900DF0E95 /* AddVehicleFuelViewModel.swift */ = {isa = PBXFileReference; lastKnownFileType = sourcecode.swift; path = AddVehicleFuelViewModel.swift; sourceTree = "<group>"; };
		5049C90B28B8F53D00DF0E95 /* AddVehicleViewModel.swift */ = {isa = PBXFileReference; lastKnownFileType = sourcecode.swift; path = AddVehicleViewModel.swift; sourceTree = "<group>"; };
		5049C90D28B8F56100DF0E95 /* VehicleListViewModel.swift */ = {isa = PBXFileReference; lastKnownFileType = sourcecode.swift; path = VehicleListViewModel.swift; sourceTree = "<group>"; };
		5049C90F28B8F57C00DF0E95 /* AddQuotaViewModel.swift */ = {isa = PBXFileReference; lastKnownFileType = sourcecode.swift; path = AddQuotaViewModel.swift; sourceTree = "<group>"; };
		5049C91128B8F59000DF0E95 /* QuotaListViewModel.swift */ = {isa = PBXFileReference; lastKnownFileType = sourcecode.swift; path = QuotaListViewModel.swift; sourceTree = "<group>"; };
		5049C91328B8F69700DF0E95 /* AddVehicleView.swift */ = {isa = PBXFileReference; lastKnownFileType = sourcecode.swift; path = AddVehicleView.swift; sourceTree = "<group>"; };
		5049C91528B8F6AB00DF0E95 /* VehicleListView.swift */ = {isa = PBXFileReference; lastKnownFileType = sourcecode.swift; path = VehicleListView.swift; sourceTree = "<group>"; };
		5049C91728B8F6F000DF0E95 /* AddQuotaView.swift */ = {isa = PBXFileReference; lastKnownFileType = sourcecode.swift; path = AddQuotaView.swift; sourceTree = "<group>"; };
		5049C91928B8F70200DF0E95 /* QuotaListView.swift */ = {isa = PBXFileReference; lastKnownFileType = sourcecode.swift; path = QuotaListView.swift; sourceTree = "<group>"; };
		5049C91B28B8F73500DF0E95 /* AddVehicleFuelView.swift */ = {isa = PBXFileReference; lastKnownFileType = sourcecode.swift; path = AddVehicleFuelView.swift; sourceTree = "<group>"; };
		5049C91D28B8F74600DF0E95 /* VehicleFuelListView.swift */ = {isa = PBXFileReference; lastKnownFileType = sourcecode.swift; path = VehicleFuelListView.swift; sourceTree = "<group>"; };
		5070D17F28B9345600AD90FE /* Quota+Extensions.swift */ = {isa = PBXFileReference; lastKnownFileType = sourcecode.swift; path = "Quota+Extensions.swift"; sourceTree = "<group>"; };
		5070D18128B9348500AD90FE /* Storage+Extensions.swift */ = {isa = PBXFileReference; lastKnownFileType = sourcecode.swift; path = "Storage+Extensions.swift"; sourceTree = "<group>"; };
		5070D18428B9352B00AD90FE /* StorageListView.swift */ = {isa = PBXFileReference; lastKnownFileType = sourcecode.swift; path = StorageListView.swift; sourceTree = "<group>"; };
		5070D18628B9358300AD90FE /* AddStorageView.swift */ = {isa = PBXFileReference; lastKnownFileType = sourcecode.swift; path = AddStorageView.swift; sourceTree = "<group>"; };
		5070D18D28B940D000AD90FE /* FuelType+Extensions.swift */ = {isa = PBXFileReference; lastKnownFileType = sourcecode.swift; path = "FuelType+Extensions.swift"; sourceTree = "<group>"; };
		5070D19028B9434100AD90FE /* AddStorageFuel.swift */ = {isa = PBXFileReference; lastKnownFileType = sourcecode.swift; path = AddStorageFuel.swift; sourceTree = "<group>"; };
		5070D19228B9434B00AD90FE /* StorageFuelListView.swift */ = {isa = PBXFileReference; lastKnownFileType = sourcecode.swift; path = StorageFuelListView.swift; sourceTree = "<group>"; };
		5070D19428B943A200AD90FE /* AddStorageViewModel.swift */ = {isa = PBXFileReference; lastKnownFileType = sourcecode.swift; path = AddStorageViewModel.swift; sourceTree = "<group>"; };
		5070D19628B943B400AD90FE /* StorageListViewModel.swift */ = {isa = PBXFileReference; lastKnownFileType = sourcecode.swift; path = StorageListViewModel.swift; sourceTree = "<group>"; };
		5070D19928B943D800AD90FE /* AddStorageFuelViewModel.swift */ = {isa = PBXFileReference; lastKnownFileType = sourcecode.swift; path = AddStorageFuelViewModel.swift; sourceTree = "<group>"; };
		5070D19B28B943EA00AD90FE /* StorageFuelListViewModel.swift */ = {isa = PBXFileReference; lastKnownFileType = sourcecode.swift; path = StorageFuelListViewModel.swift; sourceTree = "<group>"; };
		5070D1A728B9477600AD90FE /* AddFuelTypeView.swift */ = {isa = PBXFileReference; lastKnownFileType = sourcecode.swift; path = AddFuelTypeView.swift; sourceTree = "<group>"; };
		5070D1A928B9478100AD90FE /* FuelTypeListView.swift */ = {isa = PBXFileReference; lastKnownFileType = sourcecode.swift; path = FuelTypeListView.swift; sourceTree = "<group>"; };
		5070D1AB28B9481400AD90FE /* AddFuelTypeViewModel.swift */ = {isa = PBXFileReference; lastKnownFileType = sourcecode.swift; path = AddFuelTypeViewModel.swift; sourceTree = "<group>"; };
		5070D1AD28B9482200AD90FE /* FuelTypeListViewModel.swift */ = {isa = PBXFileReference; lastKnownFileType = sourcecode.swift; path = FuelTypeListViewModel.swift; sourceTree = "<group>"; };
/* End PBXFileReference section */

/* Begin PBXFrameworksBuildPhase section */
		5049C8A828B8EA3200DF0E95 /* Frameworks */ = {
			isa = PBXFrameworksBuildPhase;
			buildActionMask = 2147483647;
			files = (
			);
			runOnlyForDeploymentPostprocessing = 0;
		};
		5049C8BD28B8EA3400DF0E95 /* Frameworks */ = {
			isa = PBXFrameworksBuildPhase;
			buildActionMask = 2147483647;
			files = (
			);
			runOnlyForDeploymentPostprocessing = 0;
		};
		5049C8C728B8EA3400DF0E95 /* Frameworks */ = {
			isa = PBXFrameworksBuildPhase;
			buildActionMask = 2147483647;
			files = (
			);
			runOnlyForDeploymentPostprocessing = 0;
		};
/* End PBXFrameworksBuildPhase section */

/* Begin PBXGroup section */
		5049C8A228B8EA3200DF0E95 = {
			isa = PBXGroup;
			children = (
				5049C8AD28B8EA3200DF0E95 /* FuelApp_SwiftUI */,
				5049C8C328B8EA3400DF0E95 /* FuelApp_SwiftUITests */,
				5049C8CD28B8EA3400DF0E95 /* FuelApp_SwiftUIUITests */,
				5049C8AC28B8EA3200DF0E95 /* Products */,
			);
			sourceTree = "<group>";
		};
		5049C8AC28B8EA3200DF0E95 /* Products */ = {
			isa = PBXGroup;
			children = (
				5049C8AB28B8EA3200DF0E95 /* FuelApp_SwiftUI.app */,
				5049C8C028B8EA3400DF0E95 /* FuelApp_SwiftUITests.xctest */,
				5049C8CA28B8EA3400DF0E95 /* FuelApp_SwiftUIUITests.xctest */,
			);
			name = Products;
			sourceTree = "<group>";
		};
		5049C8AD28B8EA3200DF0E95 /* FuelApp_SwiftUI */ = {
			isa = PBXGroup;
			children = (
				5049C8DE28B8F20900DF0E95 /* Extensions */,
				5049C8DD28B8F20000DF0E95 /* Managers */,
				5049C8E128B8F22500DF0E95 /* Models */,
				5049C8DF28B8F21100DF0E95 /* Views */,
				5049C8E028B8F21800DF0E95 /* ViewModels */,
				5049C8AE28B8EA3200DF0E95 /* FuelApp_SwiftUIApp.swift */,
				5049C8B028B8EA3200DF0E95 /* ContentView.swift */,
				5049C8B228B8EA3300DF0E95 /* Assets.xcassets */,
				5049C8B928B8EA3300DF0E95 /* FuelApp_SwiftUI.xcdatamodeld */,
				5049C8B428B8EA3300DF0E95 /* Preview Content */,
			);
			path = FuelApp_SwiftUI;
			sourceTree = "<group>";
		};
		5049C8B428B8EA3300DF0E95 /* Preview Content */ = {
			isa = PBXGroup;
			children = (
				5049C8B528B8EA3300DF0E95 /* Preview Assets.xcassets */,
			);
			path = "Preview Content";
			sourceTree = "<group>";
		};
		5049C8C328B8EA3400DF0E95 /* FuelApp_SwiftUITests */ = {
			isa = PBXGroup;
			children = (
				5049C8C428B8EA3400DF0E95 /* FuelApp_SwiftUITests.swift */,
			);
			path = FuelApp_SwiftUITests;
			sourceTree = "<group>";
		};
		5049C8CD28B8EA3400DF0E95 /* FuelApp_SwiftUIUITests */ = {
			isa = PBXGroup;
			children = (
				5049C8CE28B8EA3400DF0E95 /* FuelApp_SwiftUIUITests.swift */,
				5049C8D028B8EA3400DF0E95 /* FuelApp_SwiftUIUITestsLaunchTests.swift */,
			);
			path = FuelApp_SwiftUIUITests;
			sourceTree = "<group>";
		};
		5049C8DD28B8F20000DF0E95 /* Managers */ = {
			isa = PBXGroup;
			children = (
				5049C8F728B8F3B400DF0E95 /* CoreDataManager.swift */,
			);
			path = Managers;
			sourceTree = "<group>";
		};
		5049C8DE28B8F20900DF0E95 /* Extensions */ = {
			isa = PBXGroup;
			children = (
				5049C8FF28B8F41500DF0E95 /* FuelTransaction+Extensions.swift */,
				5049C8FD28B8F40400DF0E95 /* View+Extensions.swift */,
				5049C8FB28B8F3F300DF0E95 /* Vehicle+Extensions.swift */,
				5070D17F28B9345600AD90FE /* Quota+Extensions.swift */,
				5070D18128B9348500AD90FE /* Storage+Extensions.swift */,
				5070D18D28B940D000AD90FE /* FuelType+Extensions.swift */,
			);
			path = Extensions;
			sourceTree = "<group>";
		};
		5049C8DF28B8F21100DF0E95 /* Views */ = {
			isa = PBXGroup;
			children = (
				5049C8E228B8F23E00DF0E95 /* Components */,
				5049C8E728B8F27400DF0E95 /* MainViews */,
				5049C8E828B8F28400DF0E95 /* SubViews */,
			);
			path = Views;
			sourceTree = "<group>";
		};
		5049C8E028B8F21800DF0E95 /* ViewModels */ = {
			isa = PBXGroup;
			children = (
				5070D19E28B9459B00AD90FE /* FuelType */,
				5049C8F628B8F31D00DF0E95 /* Quota */,
				5070D18828B935A600AD90FE /* Storage */,
				5070D19828B943BC00AD90FE /* StorageFuel */,
				5049C8F528B8F31600DF0E95 /* Vehicle */,
				5049C8F328B8F2F900DF0E95 /* VehicleFuel */,
			);
			path = ViewModels;
			sourceTree = "<group>";
		};
		5049C8E128B8F22500DF0E95 /* Models */ = {
			isa = PBXGroup;
			children = (
				5049C90328B8F48600DF0E95 /* BaseModel.swift */,
				5049C90528B8F4A500DF0E95 /* PageModel.swift */,
			);
			path = Models;
			sourceTree = "<group>";
		};
		5049C8E228B8F23E00DF0E95 /* Components */ = {
			isa = PBXGroup;
			children = (
				5049C8E528B8F26000DF0E95 /* PageView.swift */,
				5049C8E328B8F25200DF0E95 /* ScanButton.swift */,
			);
			path = Components;
			sourceTree = "<group>";
		};
		5049C8E728B8F27400DF0E95 /* MainViews */ = {
			isa = PBXGroup;
			children = (
				5049C8ED28B8F2AB00DF0E95 /* AnalysisView.swift */,
				5049C8EB28B8F2A000DF0E95 /* HelpView.swift */,
				5049C8E928B8F29600DF0E95 /* HomeView.swift */,
			);
			path = MainViews;
			sourceTree = "<group>";
		};
		5049C8E828B8F28400DF0E95 /* SubViews */ = {
			isa = PBXGroup;
			children = (
				5070D19D28B9453E00AD90FE /* FuelType */,
				5049C8F028B8F2B700DF0E95 /* Quota */,
				5070D18328B9351A00AD90FE /* Storage */,
				5070D18F28B9432A00AD90FE /* StorageFuel */,
				5049C8EF28B8F2B000DF0E95 /* Vehicle */,
				5049C8F228B8F2C700DF0E95 /* VehicleFuel */,
			);
			path = SubViews;
			sourceTree = "<group>";
		};
		5049C8EF28B8F2B000DF0E95 /* Vehicle */ = {
			isa = PBXGroup;
			children = (
				5049C91328B8F69700DF0E95 /* AddVehicleView.swift */,
				5049C91528B8F6AB00DF0E95 /* VehicleListView.swift */,
			);
			path = Vehicle;
			sourceTree = "<group>";
		};
		5049C8F028B8F2B700DF0E95 /* Quota */ = {
			isa = PBXGroup;
			children = (
				5049C91728B8F6F000DF0E95 /* AddQuotaView.swift */,
				5049C91928B8F70200DF0E95 /* QuotaListView.swift */,
			);
			path = Quota;
			sourceTree = "<group>";
		};
		5049C8F228B8F2C700DF0E95 /* VehicleFuel */ = {
			isa = PBXGroup;
			children = (
				5049C91B28B8F73500DF0E95 /* AddVehicleFuelView.swift */,
				5049C91D28B8F74600DF0E95 /* VehicleFuelListView.swift */,
			);
			path = VehicleFuel;
			sourceTree = "<group>";
		};
		5049C8F328B8F2F900DF0E95 /* VehicleFuel */ = {
			isa = PBXGroup;
			children = (
				5049C90928B8F51900DF0E95 /* AddVehicleFuelViewModel.swift */,
				5049C90728B8F50500DF0E95 /* VehicleFuelListViewModel.swift */,
			);
			path = VehicleFuel;
			sourceTree = "<group>";
		};
		5049C8F528B8F31600DF0E95 /* Vehicle */ = {
			isa = PBXGroup;
			children = (
				5049C90B28B8F53D00DF0E95 /* AddVehicleViewModel.swift */,
				5049C90D28B8F56100DF0E95 /* VehicleListViewModel.swift */,
			);
			path = Vehicle;
			sourceTree = "<group>";
		};
		5049C8F628B8F31D00DF0E95 /* Quota */ = {
			isa = PBXGroup;
			children = (
				5049C90F28B8F57C00DF0E95 /* AddQuotaViewModel.swift */,
				5049C91128B8F59000DF0E95 /* QuotaListViewModel.swift */,
			);
			path = Quota;
			sourceTree = "<group>";
		};
		5070D18328B9351A00AD90FE /* Storage */ = {
			isa = PBXGroup;
			children = (
				5070D18628B9358300AD90FE /* AddStorageView.swift */,
				5070D18428B9352B00AD90FE /* StorageListView.swift */,
			);
			path = Storage;
			sourceTree = "<group>";
		};
		5070D18828B935A600AD90FE /* Storage */ = {
			isa = PBXGroup;
			children = (
				5070D19428B943A200AD90FE /* AddStorageViewModel.swift */,
				5070D19628B943B400AD90FE /* StorageListViewModel.swift */,
			);
			path = Storage;
			sourceTree = "<group>";
		};
		5070D18F28B9432A00AD90FE /* StorageFuel */ = {
			isa = PBXGroup;
			children = (
				5070D19028B9434100AD90FE /* AddStorageFuel.swift */,
				5070D19228B9434B00AD90FE /* StorageFuelListView.swift */,
			);
			path = StorageFuel;
			sourceTree = "<group>";
		};
		5070D19828B943BC00AD90FE /* StorageFuel */ = {
			isa = PBXGroup;
			children = (
				5070D19928B943D800AD90FE /* AddStorageFuelViewModel.swift */,
				5070D19B28B943EA00AD90FE /* StorageFuelListViewModel.swift */,
			);
			path = StorageFuel;
			sourceTree = "<group>";
		};
		5070D19D28B9453E00AD90FE /* FuelType */ = {
			isa = PBXGroup;
			children = (
				5070D1A728B9477600AD90FE /* AddFuelTypeView.swift */,
				5070D1A928B9478100AD90FE /* FuelTypeListView.swift */,
			);
			path = FuelType;
			sourceTree = "<group>";
		};
		5070D19E28B9459B00AD90FE /* FuelType */ = {
			isa = PBXGroup;
			children = (
				5070D1AB28B9481400AD90FE /* AddFuelTypeViewModel.swift */,
				5070D1AD28B9482200AD90FE /* FuelTypeListViewModel.swift */,
			);
			path = FuelType;
			sourceTree = "<group>";
		};
/* End PBXGroup section */

/* Begin PBXNativeTarget section */
		5049C8AA28B8EA3200DF0E95 /* FuelApp_SwiftUI */ = {
			isa = PBXNativeTarget;
			buildConfigurationList = 5049C8D428B8EA3400DF0E95 /* Build configuration list for PBXNativeTarget "FuelApp_SwiftUI" */;
			buildPhases = (
				5049C8A728B8EA3200DF0E95 /* Sources */,
				5049C8A828B8EA3200DF0E95 /* Frameworks */,
				5049C8A928B8EA3200DF0E95 /* Resources */,
			);
			buildRules = (
			);
			dependencies = (
			);
			name = FuelApp_SwiftUI;
			productName = FuelApp_SwiftUI;
			productReference = 5049C8AB28B8EA3200DF0E95 /* FuelApp_SwiftUI.app */;
			productType = "com.apple.product-type.application";
		};
		5049C8BF28B8EA3400DF0E95 /* FuelApp_SwiftUITests */ = {
			isa = PBXNativeTarget;
			buildConfigurationList = 5049C8D728B8EA3400DF0E95 /* Build configuration list for PBXNativeTarget "FuelApp_SwiftUITests" */;
			buildPhases = (
				5049C8BC28B8EA3400DF0E95 /* Sources */,
				5049C8BD28B8EA3400DF0E95 /* Frameworks */,
				5049C8BE28B8EA3400DF0E95 /* Resources */,
			);
			buildRules = (
			);
			dependencies = (
				5049C8C228B8EA3400DF0E95 /* PBXTargetDependency */,
			);
			name = FuelApp_SwiftUITests;
			productName = FuelApp_SwiftUITests;
			productReference = 5049C8C028B8EA3400DF0E95 /* FuelApp_SwiftUITests.xctest */;
			productType = "com.apple.product-type.bundle.unit-test";
		};
		5049C8C928B8EA3400DF0E95 /* FuelApp_SwiftUIUITests */ = {
			isa = PBXNativeTarget;
			buildConfigurationList = 5049C8DA28B8EA3400DF0E95 /* Build configuration list for PBXNativeTarget "FuelApp_SwiftUIUITests" */;
			buildPhases = (
				5049C8C628B8EA3400DF0E95 /* Sources */,
				5049C8C728B8EA3400DF0E95 /* Frameworks */,
				5049C8C828B8EA3400DF0E95 /* Resources */,
			);
			buildRules = (
			);
			dependencies = (
				5049C8CC28B8EA3400DF0E95 /* PBXTargetDependency */,
			);
			name = FuelApp_SwiftUIUITests;
			productName = FuelApp_SwiftUIUITests;
			productReference = 5049C8CA28B8EA3400DF0E95 /* FuelApp_SwiftUIUITests.xctest */;
			productType = "com.apple.product-type.bundle.ui-testing";
		};
/* End PBXNativeTarget section */

/* Begin PBXProject section */
		5049C8A328B8EA3200DF0E95 /* Project object */ = {
			isa = PBXProject;
			attributes = {
				BuildIndependentTargetsInParallel = 1;
				LastSwiftUpdateCheck = 1340;
				LastUpgradeCheck = 1340;
				TargetAttributes = {
					5049C8AA28B8EA3200DF0E95 = {
						CreatedOnToolsVersion = 13.4.1;
					};
					5049C8BF28B8EA3400DF0E95 = {
						CreatedOnToolsVersion = 13.4.1;
						TestTargetID = 5049C8AA28B8EA3200DF0E95;
					};
					5049C8C928B8EA3400DF0E95 = {
						CreatedOnToolsVersion = 13.4.1;
						TestTargetID = 5049C8AA28B8EA3200DF0E95;
					};
				};
			};
			buildConfigurationList = 5049C8A628B8EA3200DF0E95 /* Build configuration list for PBXProject "FuelApp_SwiftUI" */;
			compatibilityVersion = "Xcode 13.0";
			developmentRegion = en;
			hasScannedForEncodings = 0;
			knownRegions = (
				en,
				Base,
			);
			mainGroup = 5049C8A228B8EA3200DF0E95;
			productRefGroup = 5049C8AC28B8EA3200DF0E95 /* Products */;
			projectDirPath = "";
			projectRoot = "";
			targets = (
				5049C8AA28B8EA3200DF0E95 /* FuelApp_SwiftUI */,
				5049C8BF28B8EA3400DF0E95 /* FuelApp_SwiftUITests */,
				5049C8C928B8EA3400DF0E95 /* FuelApp_SwiftUIUITests */,
			);
		};
/* End PBXProject section */

/* Begin PBXResourcesBuildPhase section */
		5049C8A928B8EA3200DF0E95 /* Resources */ = {
			isa = PBXResourcesBuildPhase;
			buildActionMask = 2147483647;
			files = (
				5049C8B628B8EA3300DF0E95 /* Preview Assets.xcassets in Resources */,
				5049C8B328B8EA3300DF0E95 /* Assets.xcassets in Resources */,
			);
			runOnlyForDeploymentPostprocessing = 0;
		};
		5049C8BE28B8EA3400DF0E95 /* Resources */ = {
			isa = PBXResourcesBuildPhase;
			buildActionMask = 2147483647;
			files = (
			);
			runOnlyForDeploymentPostprocessing = 0;
		};
		5049C8C828B8EA3400DF0E95 /* Resources */ = {
			isa = PBXResourcesBuildPhase;
			buildActionMask = 2147483647;
			files = (
			);
			runOnlyForDeploymentPostprocessing = 0;
		};
/* End PBXResourcesBuildPhase section */

/* Begin PBXSourcesBuildPhase section */
		5049C8A728B8EA3200DF0E95 /* Sources */ = {
			isa = PBXSourcesBuildPhase;
			buildActionMask = 2147483647;
			files = (
				5070D19528B943A200AD90FE /* AddStorageViewModel.swift in Sources */,
				5070D19128B9434100AD90FE /* AddStorageFuel.swift in Sources */,
				5070D19A28B943D800AD90FE /* AddStorageFuelViewModel.swift in Sources */,
				5049C91028B8F57C00DF0E95 /* AddQuotaViewModel.swift in Sources */,
				5049C91C28B8F73500DF0E95 /* AddVehicleFuelView.swift in Sources */,
				5070D19728B943B400AD90FE /* StorageListViewModel.swift in Sources */,
				5049C8E628B8F26000DF0E95 /* PageView.swift in Sources */,
				5049C91E28B8F74600DF0E95 /* VehicleFuelListView.swift in Sources */,
				5049C90E28B8F56100DF0E95 /* VehicleListViewModel.swift in Sources */,
				5049C8E428B8F25200DF0E95 /* ScanButton.swift in Sources */,
				5070D1AC28B9481400AD90FE /* AddFuelTypeViewModel.swift in Sources */,
				5070D18528B9352B00AD90FE /* StorageListView.swift in Sources */,
				5070D18728B9358300AD90FE /* AddStorageView.swift in Sources */,
				5049C90028B8F41500DF0E95 /* FuelTransaction+Extensions.swift in Sources */,
				5049C8B128B8EA3200DF0E95 /* ContentView.swift in Sources */,
				5049C8EC28B8F2A000DF0E95 /* HelpView.swift in Sources */,
				5049C8EE28B8F2AB00DF0E95 /* AnalysisView.swift in Sources */,
				5049C8EA28B8F29600DF0E95 /* HomeView.swift in Sources */,
				5049C91828B8F6F000DF0E95 /* AddQuotaView.swift in Sources */,
				5070D18E28B940D000AD90FE /* FuelType+Extensions.swift in Sources */,
				5070D19328B9434B00AD90FE /* StorageFuelListView.swift in Sources */,
				5049C90628B8F4A500DF0E95 /* PageModel.swift in Sources */,
				5049C8FC28B8F3F300DF0E95 /* Vehicle+Extensions.swift in Sources */,
				5049C91A28B8F70200DF0E95 /* QuotaListView.swift in Sources */,
				5049C90428B8F48600DF0E95 /* BaseModel.swift in Sources */,
				5070D18228B9348500AD90FE /* Storage+Extensions.swift in Sources */,
				5049C8F828B8F3B400DF0E95 /* CoreDataManager.swift in Sources */,
				5070D1A828B9477600AD90FE /* AddFuelTypeView.swift in Sources */,
				5070D1AE28B9482200AD90FE /* FuelTypeListViewModel.swift in Sources */,
				5049C91228B8F59000DF0E95 /* QuotaListViewModel.swift in Sources */,
				5070D19C28B943EA00AD90FE /* StorageFuelListViewModel.swift in Sources */,
				5049C90A28B8F51900DF0E95 /* AddVehicleFuelViewModel.swift in Sources */,
				5070D1AA28B9478100AD90FE /* FuelTypeListView.swift in Sources */,
				5049C8AF28B8EA3200DF0E95 /* FuelApp_SwiftUIApp.swift in Sources */,
				5049C90C28B8F53D00DF0E95 /* AddVehicleViewModel.swift in Sources */,
				5049C8FE28B8F40400DF0E95 /* View+Extensions.swift in Sources */,
				5070D18028B9345600AD90FE /* Quota+Extensions.swift in Sources */,
				5049C91428B8F69700DF0E95 /* AddVehicleView.swift in Sources */,
				5049C90828B8F50500DF0E95 /* VehicleFuelListViewModel.swift in Sources */,
				5049C8BB28B8EA3300DF0E95 /* FuelApp_SwiftUI.xcdatamodeld in Sources */,
				5049C91628B8F6AB00DF0E95 /* VehicleListView.swift in Sources */,
			);
			runOnlyForDeploymentPostprocessing = 0;
		};
		5049C8BC28B8EA3400DF0E95 /* Sources */ = {
			isa = PBXSourcesBuildPhase;
			buildActionMask = 2147483647;
			files = (
				5049C8C528B8EA3400DF0E95 /* FuelApp_SwiftUITests.swift in Sources */,
			);
			runOnlyForDeploymentPostprocessing = 0;
		};
		5049C8C628B8EA3400DF0E95 /* Sources */ = {
			isa = PBXSourcesBuildPhase;
			buildActionMask = 2147483647;
			files = (
				5049C8D128B8EA3400DF0E95 /* FuelApp_SwiftUIUITestsLaunchTests.swift in Sources */,
				5049C8CF28B8EA3400DF0E95 /* FuelApp_SwiftUIUITests.swift in Sources */,
			);
			runOnlyForDeploymentPostprocessing = 0;
		};
/* End PBXSourcesBuildPhase section */

/* Begin PBXTargetDependency section */
		5049C8C228B8EA3400DF0E95 /* PBXTargetDependency */ = {
			isa = PBXTargetDependency;
			target = 5049C8AA28B8EA3200DF0E95 /* FuelApp_SwiftUI */;
			targetProxy = 5049C8C128B8EA3400DF0E95 /* PBXContainerItemProxy */;
		};
		5049C8CC28B8EA3400DF0E95 /* PBXTargetDependency */ = {
			isa = PBXTargetDependency;
			target = 5049C8AA28B8EA3200DF0E95 /* FuelApp_SwiftUI */;
			targetProxy = 5049C8CB28B8EA3400DF0E95 /* PBXContainerItemProxy */;
		};
/* End PBXTargetDependency section */

/* Begin XCBuildConfiguration section */
		5049C8D228B8EA3400DF0E95 /* Debug */ = {
			isa = XCBuildConfiguration;
			buildSettings = {
				ALWAYS_SEARCH_USER_PATHS = NO;
				CLANG_ANALYZER_NONNULL = YES;
				CLANG_ANALYZER_NUMBER_OBJECT_CONVERSION = YES_AGGRESSIVE;
				CLANG_CXX_LANGUAGE_STANDARD = "gnu++17";
				CLANG_ENABLE_MODULES = YES;
				CLANG_ENABLE_OBJC_ARC = YES;
				CLANG_ENABLE_OBJC_WEAK = YES;
				CLANG_WARN_BLOCK_CAPTURE_AUTORELEASING = YES;
				CLANG_WARN_BOOL_CONVERSION = YES;
				CLANG_WARN_COMMA = YES;
				CLANG_WARN_CONSTANT_CONVERSION = YES;
				CLANG_WARN_DEPRECATED_OBJC_IMPLEMENTATIONS = YES;
				CLANG_WARN_DIRECT_OBJC_ISA_USAGE = YES_ERROR;
				CLANG_WARN_DOCUMENTATION_COMMENTS = YES;
				CLANG_WARN_EMPTY_BODY = YES;
				CLANG_WARN_ENUM_CONVERSION = YES;
				CLANG_WARN_INFINITE_RECURSION = YES;
				CLANG_WARN_INT_CONVERSION = YES;
				CLANG_WARN_NON_LITERAL_NULL_CONVERSION = YES;
				CLANG_WARN_OBJC_IMPLICIT_RETAIN_SELF = YES;
				CLANG_WARN_OBJC_LITERAL_CONVERSION = YES;
				CLANG_WARN_OBJC_ROOT_CLASS = YES_ERROR;
				CLANG_WARN_QUOTED_INCLUDE_IN_FRAMEWORK_HEADER = YES;
				CLANG_WARN_RANGE_LOOP_ANALYSIS = YES;
				CLANG_WARN_STRICT_PROTOTYPES = YES;
				CLANG_WARN_SUSPICIOUS_MOVE = YES;
				CLANG_WARN_UNGUARDED_AVAILABILITY = YES_AGGRESSIVE;
				CLANG_WARN_UNREACHABLE_CODE = YES;
				CLANG_WARN__DUPLICATE_METHOD_MATCH = YES;
				COPY_PHASE_STRIP = NO;
				DEBUG_INFORMATION_FORMAT = dwarf;
				ENABLE_STRICT_OBJC_MSGSEND = YES;
				ENABLE_TESTABILITY = YES;
				GCC_C_LANGUAGE_STANDARD = gnu11;
				GCC_DYNAMIC_NO_PIC = NO;
				GCC_NO_COMMON_BLOCKS = YES;
				GCC_OPTIMIZATION_LEVEL = 0;
				GCC_PREPROCESSOR_DEFINITIONS = (
					"DEBUG=1",
					"$(inherited)",
				);
				GCC_WARN_64_TO_32_BIT_CONVERSION = YES;
				GCC_WARN_ABOUT_RETURN_TYPE = YES_ERROR;
				GCC_WARN_UNDECLARED_SELECTOR = YES;
				GCC_WARN_UNINITIALIZED_AUTOS = YES_AGGRESSIVE;
				GCC_WARN_UNUSED_FUNCTION = YES;
				GCC_WARN_UNUSED_VARIABLE = YES;
				IPHONEOS_DEPLOYMENT_TARGET = 15.0;
				MTL_ENABLE_DEBUG_INFO = INCLUDE_SOURCE;
				MTL_FAST_MATH = YES;
				ONLY_ACTIVE_ARCH = YES;
				SDKROOT = iphoneos;
				SWIFT_ACTIVE_COMPILATION_CONDITIONS = DEBUG;
				SWIFT_OPTIMIZATION_LEVEL = "-Onone";
			};
			name = Debug;
		};
		5049C8D328B8EA3400DF0E95 /* Release */ = {
			isa = XCBuildConfiguration;
			buildSettings = {
				ALWAYS_SEARCH_USER_PATHS = NO;
				CLANG_ANALYZER_NONNULL = YES;
				CLANG_ANALYZER_NUMBER_OBJECT_CONVERSION = YES_AGGRESSIVE;
				CLANG_CXX_LANGUAGE_STANDARD = "gnu++17";
				CLANG_ENABLE_MODULES = YES;
				CLANG_ENABLE_OBJC_ARC = YES;
				CLANG_ENABLE_OBJC_WEAK = YES;
				CLANG_WARN_BLOCK_CAPTURE_AUTORELEASING = YES;
				CLANG_WARN_BOOL_CONVERSION = YES;
				CLANG_WARN_COMMA = YES;
				CLANG_WARN_CONSTANT_CONVERSION = YES;
				CLANG_WARN_DEPRECATED_OBJC_IMPLEMENTATIONS = YES;
				CLANG_WARN_DIRECT_OBJC_ISA_USAGE = YES_ERROR;
				CLANG_WARN_DOCUMENTATION_COMMENTS = YES;
				CLANG_WARN_EMPTY_BODY = YES;
				CLANG_WARN_ENUM_CONVERSION = YES;
				CLANG_WARN_INFINITE_RECURSION = YES;
				CLANG_WARN_INT_CONVERSION = YES;
				CLANG_WARN_NON_LITERAL_NULL_CONVERSION = YES;
				CLANG_WARN_OBJC_IMPLICIT_RETAIN_SELF = YES;
				CLANG_WARN_OBJC_LITERAL_CONVERSION = YES;
				CLANG_WARN_OBJC_ROOT_CLASS = YES_ERROR;
				CLANG_WARN_QUOTED_INCLUDE_IN_FRAMEWORK_HEADER = YES;
				CLANG_WARN_RANGE_LOOP_ANALYSIS = YES;
				CLANG_WARN_STRICT_PROTOTYPES = YES;
				CLANG_WARN_SUSPICIOUS_MOVE = YES;
				CLANG_WARN_UNGUARDED_AVAILABILITY = YES_AGGRESSIVE;
				CLANG_WARN_UNREACHABLE_CODE = YES;
				CLANG_WARN__DUPLICATE_METHOD_MATCH = YES;
				COPY_PHASE_STRIP = NO;
				DEBUG_INFORMATION_FORMAT = "dwarf-with-dsym";
				ENABLE_NS_ASSERTIONS = NO;
				ENABLE_STRICT_OBJC_MSGSEND = YES;
				GCC_C_LANGUAGE_STANDARD = gnu11;
				GCC_NO_COMMON_BLOCKS = YES;
				GCC_WARN_64_TO_32_BIT_CONVERSION = YES;
				GCC_WARN_ABOUT_RETURN_TYPE = YES_ERROR;
				GCC_WARN_UNDECLARED_SELECTOR = YES;
				GCC_WARN_UNINITIALIZED_AUTOS = YES_AGGRESSIVE;
				GCC_WARN_UNUSED_FUNCTION = YES;
				GCC_WARN_UNUSED_VARIABLE = YES;
				IPHONEOS_DEPLOYMENT_TARGET = 15.0;
				MTL_ENABLE_DEBUG_INFO = NO;
				MTL_FAST_MATH = YES;
				SDKROOT = iphoneos;
				SWIFT_COMPILATION_MODE = wholemodule;
				SWIFT_OPTIMIZATION_LEVEL = "-O";
				VALIDATE_PRODUCT = YES;
			};
			name = Release;
		};
		5049C8D528B8EA3400DF0E95 /* Debug */ = {
			isa = XCBuildConfiguration;
			buildSettings = {
				ASSETCATALOG_COMPILER_APPICON_NAME = AppIcon;
				ASSETCATALOG_COMPILER_GLOBAL_ACCENT_COLOR_NAME = AccentColor;
				CODE_SIGN_STYLE = Automatic;
				CURRENT_PROJECT_VERSION = 1;
				DEVELOPMENT_ASSET_PATHS = "\"FuelApp_SwiftUI/Preview Content\"";
				DEVELOPMENT_TEAM = DJ2C78LQB4;
				ENABLE_PREVIEWS = YES;
				GENERATE_INFOPLIST_FILE = YES;
				INFOPLIST_KEY_UIApplicationSceneManifest_Generation = YES;
				INFOPLIST_KEY_UIApplicationSupportsIndirectInputEvents = YES;
				INFOPLIST_KEY_UILaunchScreen_Generation = YES;
				INFOPLIST_KEY_UISupportedInterfaceOrientations_iPad = "UIInterfaceOrientationPortrait UIInterfaceOrientationPortraitUpsideDown UIInterfaceOrientationLandscapeLeft UIInterfaceOrientationLandscapeRight";
				INFOPLIST_KEY_UISupportedInterfaceOrientations_iPhone = "UIInterfaceOrientationPortrait UIInterfaceOrientationLandscapeLeft UIInterfaceOrientationLandscapeRight";
				LD_RUNPATH_SEARCH_PATHS = (
					"$(inherited)",
					"@executable_path/Frameworks",
				);
				MARKETING_VERSION = 1.0;
				PRODUCT_BUNDLE_IDENTIFIER = "com.mkappworks.FuelApp-SwiftUI";
				PRODUCT_NAME = "$(TARGET_NAME)";
				SWIFT_EMIT_LOC_STRINGS = YES;
				SWIFT_VERSION = 5.0;
				TARGETED_DEVICE_FAMILY = "1,2";
			};
			name = Debug;
		};
		5049C8D628B8EA3400DF0E95 /* Release */ = {
			isa = XCBuildConfiguration;
			buildSettings = {
				ASSETCATALOG_COMPILER_APPICON_NAME = AppIcon;
				ASSETCATALOG_COMPILER_GLOBAL_ACCENT_COLOR_NAME = AccentColor;
				CODE_SIGN_STYLE = Automatic;
				CURRENT_PROJECT_VERSION = 1;
				DEVELOPMENT_ASSET_PATHS = "\"FuelApp_SwiftUI/Preview Content\"";
				DEVELOPMENT_TEAM = DJ2C78LQB4;
				ENABLE_PREVIEWS = YES;
				GENERATE_INFOPLIST_FILE = YES;
				INFOPLIST_KEY_UIApplicationSceneManifest_Generation = YES;
				INFOPLIST_KEY_UIApplicationSupportsIndirectInputEvents = YES;
				INFOPLIST_KEY_UILaunchScreen_Generation = YES;
				INFOPLIST_KEY_UISupportedInterfaceOrientations_iPad = "UIInterfaceOrientationPortrait UIInterfaceOrientationPortraitUpsideDown UIInterfaceOrientationLandscapeLeft UIInterfaceOrientationLandscapeRight";
				INFOPLIST_KEY_UISupportedInterfaceOrientations_iPhone = "UIInterfaceOrientationPortrait UIInterfaceOrientationLandscapeLeft UIInterfaceOrientationLandscapeRight";
				LD_RUNPATH_SEARCH_PATHS = (
					"$(inherited)",
					"@executable_path/Frameworks",
				);
				MARKETING_VERSION = 1.0;
				PRODUCT_BUNDLE_IDENTIFIER = "com.mkappworks.FuelApp-SwiftUI";
				PRODUCT_NAME = "$(TARGET_NAME)";
				SWIFT_EMIT_LOC_STRINGS = YES;
				SWIFT_VERSION = 5.0;
				TARGETED_DEVICE_FAMILY = "1,2";
			};
			name = Release;
		};
		5049C8D828B8EA3400DF0E95 /* Debug */ = {
			isa = XCBuildConfiguration;
			buildSettings = {
				ALWAYS_EMBED_SWIFT_STANDARD_LIBRARIES = YES;
				BUNDLE_LOADER = "$(TEST_HOST)";
				CODE_SIGN_STYLE = Automatic;
				CURRENT_PROJECT_VERSION = 1;
				GENERATE_INFOPLIST_FILE = YES;
				IPHONEOS_DEPLOYMENT_TARGET = 15.5;
				MARKETING_VERSION = 1.0;
				PRODUCT_BUNDLE_IDENTIFIER = "com.mkappworks.FuelApp-SwiftUITests";
				PRODUCT_NAME = "$(TARGET_NAME)";
				SWIFT_EMIT_LOC_STRINGS = NO;
				SWIFT_VERSION = 5.0;
				TARGETED_DEVICE_FAMILY = "1,2";
				TEST_HOST = "$(BUILT_PRODUCTS_DIR)/FuelApp_SwiftUI.app/FuelApp_SwiftUI";
			};
			name = Debug;
		};
		5049C8D928B8EA3400DF0E95 /* Release */ = {
			isa = XCBuildConfiguration;
			buildSettings = {
				ALWAYS_EMBED_SWIFT_STANDARD_LIBRARIES = YES;
				BUNDLE_LOADER = "$(TEST_HOST)";
				CODE_SIGN_STYLE = Automatic;
				CURRENT_PROJECT_VERSION = 1;
				GENERATE_INFOPLIST_FILE = YES;
				IPHONEOS_DEPLOYMENT_TARGET = 15.5;
				MARKETING_VERSION = 1.0;
				PRODUCT_BUNDLE_IDENTIFIER = "com.mkappworks.FuelApp-SwiftUITests";
				PRODUCT_NAME = "$(TARGET_NAME)";
				SWIFT_EMIT_LOC_STRINGS = NO;
				SWIFT_VERSION = 5.0;
				TARGETED_DEVICE_FAMILY = "1,2";
				TEST_HOST = "$(BUILT_PRODUCTS_DIR)/FuelApp_SwiftUI.app/FuelApp_SwiftUI";
			};
			name = Release;
		};
		5049C8DB28B8EA3400DF0E95 /* Debug */ = {
			isa = XCBuildConfiguration;
			buildSettings = {
				ALWAYS_EMBED_SWIFT_STANDARD_LIBRARIES = YES;
				CODE_SIGN_STYLE = Automatic;
				CURRENT_PROJECT_VERSION = 1;
				GENERATE_INFOPLIST_FILE = YES;
				MARKETING_VERSION = 1.0;
				PRODUCT_BUNDLE_IDENTIFIER = "com.mkappworks.FuelApp-SwiftUIUITests";
				PRODUCT_NAME = "$(TARGET_NAME)";
				SWIFT_EMIT_LOC_STRINGS = NO;
				SWIFT_VERSION = 5.0;
				TARGETED_DEVICE_FAMILY = "1,2";
				TEST_TARGET_NAME = FuelApp_SwiftUI;
			};
			name = Debug;
		};
		5049C8DC28B8EA3400DF0E95 /* Release */ = {
			isa = XCBuildConfiguration;
			buildSettings = {
				ALWAYS_EMBED_SWIFT_STANDARD_LIBRARIES = YES;
				CODE_SIGN_STYLE = Automatic;
				CURRENT_PROJECT_VERSION = 1;
				GENERATE_INFOPLIST_FILE = YES;
				MARKETING_VERSION = 1.0;
				PRODUCT_BUNDLE_IDENTIFIER = "com.mkappworks.FuelApp-SwiftUIUITests";
				PRODUCT_NAME = "$(TARGET_NAME)";
				SWIFT_EMIT_LOC_STRINGS = NO;
				SWIFT_VERSION = 5.0;
				TARGETED_DEVICE_FAMILY = "1,2";
				TEST_TARGET_NAME = FuelApp_SwiftUI;
			};
			name = Release;
		};
/* End XCBuildConfiguration section */

/* Begin XCConfigurationList section */
		5049C8A628B8EA3200DF0E95 /* Build configuration list for PBXProject "FuelApp_SwiftUI" */ = {
			isa = XCConfigurationList;
			buildConfigurations = (
				5049C8D228B8EA3400DF0E95 /* Debug */,
				5049C8D328B8EA3400DF0E95 /* Release */,
			);
			defaultConfigurationIsVisible = 0;
			defaultConfigurationName = Release;
		};
		5049C8D428B8EA3400DF0E95 /* Build configuration list for PBXNativeTarget "FuelApp_SwiftUI" */ = {
			isa = XCConfigurationList;
			buildConfigurations = (
				5049C8D528B8EA3400DF0E95 /* Debug */,
				5049C8D628B8EA3400DF0E95 /* Release */,
			);
			defaultConfigurationIsVisible = 0;
			defaultConfigurationName = Release;
		};
		5049C8D728B8EA3400DF0E95 /* Build configuration list for PBXNativeTarget "FuelApp_SwiftUITests" */ = {
			isa = XCConfigurationList;
			buildConfigurations = (
				5049C8D828B8EA3400DF0E95 /* Debug */,
				5049C8D928B8EA3400DF0E95 /* Release */,
			);
			defaultConfigurationIsVisible = 0;
			defaultConfigurationName = Release;
		};
		5049C8DA28B8EA3400DF0E95 /* Build configuration list for PBXNativeTarget "FuelApp_SwiftUIUITests" */ = {
			isa = XCConfigurationList;
			buildConfigurations = (
				5049C8DB28B8EA3400DF0E95 /* Debug */,
				5049C8DC28B8EA3400DF0E95 /* Release */,
			);
			defaultConfigurationIsVisible = 0;
			defaultConfigurationName = Release;
		};
/* End XCConfigurationList section */

/* Begin XCVersionGroup section */
		5049C8B928B8EA3300DF0E95 /* FuelApp_SwiftUI.xcdatamodeld */ = {
			isa = XCVersionGroup;
			children = (
				5049C8BA28B8EA3300DF0E95 /* FuelApp_SwiftUI.xcdatamodel */,
			);
			currentVersion = 5049C8BA28B8EA3300DF0E95 /* FuelApp_SwiftUI.xcdatamodel */;
			path = FuelApp_SwiftUI.xcdatamodeld;
			sourceTree = "<group>";
			versionGroupType = wrapper.xcdatamodel;
		};
/* End XCVersionGroup section */
	};
	rootObject = 5049C8A328B8EA3200DF0E95 /* Project object */;
}
